
Microsoft Visual Studio Solution File, Format Version 12.00
# Visual Studio 14
VisualStudioVersion = 14.0.25420.1
MinimumVisualStudioVersion = 10.0.40219.1
Project("{FAE04EC0-301F-11D3-BF4B-00C04F79EFBC}") = "BulletMLSample", "BulletMLSample\BulletMLSample.csproj", "{A59EA322-98A6-43E1-9539-3646876FD24A}"
EndProject
Project("{FAE04EC0-301F-11D3-BF4B-00C04F79EFBC}") = "BulletMLLib", "BulletMLLib\BulletMLLib\BulletMLLib.csproj", "{E8830476-F2F4-447D-9917-3C8DA594426C}"
EndProject
Global
	GlobalSection(SolutionConfigurationPlatforms) = preSolution
		Debug|Any CPU = Debug|Any CPU
		Debug|x86 = Debug|x86
		Release|Any CPU = Release|Any CPU
		Release|x86 = Release|x86
	EndGlobalSection
	GlobalSection(ProjectConfigurationPlatforms) = postSolution
		{A59EA322-98A6-43E1-9539-3646876FD24A}.Debug|Any CPU.ActiveCfg = Debug|x86
		{A59EA322-98A6-43E1-9539-3646876FD24A}.Debug|Any CPU.Build.0 = Debug|x86
		{A59EA322-98A6-43E1-9539-3646876FD24A}.Debug|x86.ActiveCfg = Debug|x86
		{A59EA322-98A6-43E1-9539-3646876FD24A}.Debug|x86.Build.0 = Debug|x86
		{A59EA322-98A6-43E1-9539-3646876FD24A}.Release|Any CPU.ActiveCfg = Release|x86
		{A59EA322-98A6-43E1-9539-3646876FD24A}.Release|x86.ActiveCfg = Release|x86
		{A59EA322-98A6-43E1-9539-3646876FD24A}.Release|x86.Build.0 = Release|x86
		{E8830476-F2F4-447D-9917-3C8DA594426C}.Debug|Any CPU.ActiveCfg = Debug|Any CPU
		{E8830476-F2F4-447D-9917-3C8DA594426C}.Debug|Any CPU.Build.0 = Debug|Any CPU
		{E8830476-F2F4-447D-9917-3C8DA594426C}.Debug|x86.ActiveCfg = Debug|Any CPU
		{E8830476-F2F4-447D-9917-3C8DA594426C}.Debug|x86.Build.0 = Debug|Any CPU
		{E8830476-F2F4-447D-9917-3C8DA594426C}.Release|Any CPU.ActiveCfg = Release|Any CPU
		{E8830476-F2F4-447D-9917-3C8DA594426C}.Release|Any CPU.Build.0 = Release|Any CPU
		{E8830476-F2F4-447D-9917-3C8DA594426C}.Release|x86.ActiveCfg = Release|Any CPU
		{E8830476-F2F4-447D-9917-3C8DA594426C}.Release|x86.Build.0 = Release|Any CPU
	EndGlobalSection
	GlobalSection(SolutionProperties) = preSolution
		HideSolutionNode = FALSE
	EndGlobalSection
EndGlobal
